// !$*UTF8*$!
{
	archiveVersion = 1;
	classes = {
	};
	objectVersion = 50;
	objects = {

/* Begin PBXBuildFile section */
		4478942F216C5CCC002CB3C4 /* AppDelegate.m in Sources */ = {isa = PBXBuildFile; fileRef = 4478942E216C5CCC002CB3C4 /* AppDelegate.m */; };
		44789432216C5CCC002CB3C4 /* ViewController.m in Sources */ = {isa = PBXBuildFile; fileRef = 44789431216C5CCC002CB3C4 /* ViewController.m */; };
		44789435216C5CCC002CB3C4 /* Main.storyboard in Resources */ = {isa = PBXBuildFile; fileRef = 44789433216C5CCC002CB3C4 /* Main.storyboard */; };
		44789437216C5CD8002CB3C4 /* Assets.xcassets in Resources */ = {isa = PBXBuildFile; fileRef = 44789436216C5CD8002CB3C4 /* Assets.xcassets */; };
		4478943A216C5CD8002CB3C4 /* LaunchScreen.storyboard in Resources */ = {isa = PBXBuildFile; fileRef = 44789438216C5CD8002CB3C4 /* LaunchScreen.storyboard */; };
		4478943D216C5CD8002CB3C4 /* main.m in Sources */ = {isa = PBXBuildFile; fileRef = 4478943C216C5CD8002CB3C4 /* main.m */; };
		44789447216C5CD9002CB3C4 /* menuTests.m in Sources */ = {isa = PBXBuildFile; fileRef = 44789446216C5CD9002CB3C4 /* menuTests.m */; };
		44789452216C5CD9002CB3C4 /* menuUITests.m in Sources */ = {isa = PBXBuildFile; fileRef = 44789451216C5CD9002CB3C4 /* menuUITests.m */; };
		44789471216C7C1A002CB3C4 /* YQNetworkTools.m in Sources */ = {isa = PBXBuildFile; fileRef = 4478946F216C7C1A002CB3C4 /* YQNetworkTools.m */; };
		44789474216C8122002CB3C4 /* HttpTool.m in Sources */ = {isa = PBXBuildFile; fileRef = 44789473216C8122002CB3C4 /* HttpTool.m */; };
		44789479216C846A002CB3C4 /* CategoryInfoModel.m in Sources */ = {isa = PBXBuildFile; fileRef = 44789478216C846A002CB3C4 /* CategoryInfoModel.m */; };
		4478947F216C8A6E002CB3C4 /* MenuKindsModel.m in Sources */ = {isa = PBXBuildFile; fileRef = 4478947E216C8A6E002CB3C4 /* MenuKindsModel.m */; };
		44789483216C8D18002CB3C4 /* MenuKindsCollectionViewCell.m in Sources */ = {isa = PBXBuildFile; fileRef = 44789482216C8D18002CB3C4 /* MenuKindsCollectionViewCell.m */; };
		44789486216C975A002CB3C4 /* kindsDetailViewController.m in Sources */ = {isa = PBXBuildFile; fileRef = 44789485216C975A002CB3C4 /* kindsDetailViewController.m */; };
		44789489216C999A002CB3C4 /* KindDetailImageTableViewCell.m in Sources */ = {isa = PBXBuildFile; fileRef = 44789488216C999A002CB3C4 /* KindDetailImageTableViewCell.m */; };
		4478948C216C9B23002CB3C4 /* KindDetailTextTableViewCell.m in Sources */ = {isa = PBXBuildFile; fileRef = 4478948B216C9B23002CB3C4 /* KindDetailTextTableViewCell.m */; };
		4478948F216C9CFE002CB3C4 /* CZHTool.m in Sources */ = {isa = PBXBuildFile; fileRef = 4478948E216C9CFE002CB3C4 /* CZHTool.m */; };
		44789492216C9E20002CB3C4 /* KindDetailTextImageTableViewCell.m in Sources */ = {isa = PBXBuildFile; fileRef = 44789491216C9E20002CB3C4 /* KindDetailTextImageTableViewCell.m */; };
		44789495216D9895002CB3C4 /* ShiPuViewController.m in Sources */ = {isa = PBXBuildFile; fileRef = 44789494216D9895002CB3C4 /* ShiPuViewController.m */; };
		44789498216D999B002CB3C4 /* ShiPuTableViewCell.m in Sources */ = {isa = PBXBuildFile; fileRef = 44789497216D999B002CB3C4 /* ShiPuTableViewCell.m */; };
		4478949B216D9ABF002CB3C4 /* ShiPuModel.m in Sources */ = {isa = PBXBuildFile; fileRef = 4478949A216D9ABF002CB3C4 /* ShiPuModel.m */; };
		447894A1216DA31A002CB3C4 /* ShiPuDetailViewController.m in Sources */ = {isa = PBXBuildFile; fileRef = 447894A0216DA31A002CB3C4 /* ShiPuDetailViewController.m */; };
		447894A3216DAEA9002CB3C4 /* zanwu.png in Resources */ = {isa = PBXBuildFile; fileRef = 447894A2216DAEA9002CB3C4 /* zanwu.png */; };
		EB301CD83F01FBC86F85EBED /* libPods-menu.a in Frameworks */ = {isa = PBXBuildFile; fileRef = E19D83DB8A0A469EC88465E8 /* libPods-menu.a */; };
/* End PBXBuildFile section */

/* Begin PBXContainerItemProxy section */
		44789443216C5CD9002CB3C4 /* PBXContainerItemProxy */ = {
			isa = PBXContainerItemProxy;
			containerPortal = 44789422216C5CCC002CB3C4 /* Project object */;
			proxyType = 1;
			remoteGlobalIDString = 44789429216C5CCC002CB3C4;
			remoteInfo = menu;
		};
		4478944E216C5CD9002CB3C4 /* PBXContainerItemProxy */ = {
			isa = PBXContainerItemProxy;
			containerPortal = 44789422216C5CCC002CB3C4 /* Project object */;
			proxyType = 1;
			remoteGlobalIDString = 44789429216C5CCC002CB3C4;
			remoteInfo = menu;
		};
/* End PBXContainerItemProxy section */

/* Begin PBXFileReference section */
		4478942A216C5CCC002CB3C4 /* menu.app */ = {isa = PBXFileReference; explicitFileType = wrapper.application; includeInIndex = 0; path = menu.app; sourceTree = BUILT_PRODUCTS_DIR; };
		4478942D216C5CCC002CB3C4 /* AppDelegate.h */ = {isa = PBXFileReference; lastKnownFileType = sourcecode.c.h; path = AppDelegate.h; sourceTree = "<group>"; };
		4478942E216C5CCC002CB3C4 /* AppDelegate.m */ = {isa = PBXFileReference; lastKnownFileType = sourcecode.c.objc; path = AppDelegate.m; sourceTree = "<group>"; };
		44789430216C5CCC002CB3C4 /* ViewController.h */ = {isa = PBXFileReference; lastKnownFileType = sourcecode.c.h; path = ViewController.h; sourceTree = "<group>"; };
		44789431216C5CCC002CB3C4 /* ViewController.m */ = {isa = PBXFileReference; lastKnownFileType = sourcecode.c.objc; path = ViewController.m; sourceTree = "<group>"; };
		44789434216C5CCC002CB3C4 /* Base */ = {isa = PBXFileReference; lastKnownFileType = file.storyboard; name = Base; path = Base.lproj/Main.storyboard; sourceTree = "<group>"; };
		44789436216C5CD8002CB3C4 /* Assets.xcassets */ = {isa = PBXFileReference; lastKnownFileType = folder.assetcatalog; path = Assets.xcassets; sourceTree = "<group>"; };
		44789439216C5CD8002CB3C4 /* Base */ = {isa = PBXFileReference; lastKnownFileType = file.storyboard; name = Base; path = Base.lproj/LaunchScreen.storyboard; sourceTree = "<group>"; };
		4478943B216C5CD8002CB3C4 /* Info.plist */ = {isa = PBXFileReference; lastKnownFileType = text.plist.xml; path = Info.plist; sourceTree = "<group>"; };
		4478943C216C5CD8002CB3C4 /* main.m */ = {isa = PBXFileReference; lastKnownFileType = sourcecode.c.objc; path = main.m; sourceTree = "<group>"; };
		44789442216C5CD9002CB3C4 /* menuTests.xctest */ = {isa = PBXFileReference; explicitFileType = wrapper.cfbundle; includeInIndex = 0; path = menuTests.xctest; sourceTree = BUILT_PRODUCTS_DIR; };
		44789446216C5CD9002CB3C4 /* menuTests.m */ = {isa = PBXFileReference; lastKnownFileType = sourcecode.c.objc; path = menuTests.m; sourceTree = "<group>"; };
		44789448216C5CD9002CB3C4 /* Info.plist */ = {isa = PBXFileReference; lastKnownFileType = text.plist.xml; path = Info.plist; sourceTree = "<group>"; };
		4478944D216C5CD9002CB3C4 /* menuUITests.xctest */ = {isa = PBXFileReference; explicitFileType = wrapper.cfbundle; includeInIndex = 0; path = menuUITests.xctest; sourceTree = BUILT_PRODUCTS_DIR; };
		44789451216C5CD9002CB3C4 /* menuUITests.m */ = {isa = PBXFileReference; lastKnownFileType = sourcecode.c.objc; path = menuUITests.m; sourceTree = "<group>"; };
		44789453216C5CD9002CB3C4 /* Info.plist */ = {isa = PBXFileReference; lastKnownFileType = text.plist.xml; path = Info.plist; sourceTree = "<group>"; };
		4478946F216C7C1A002CB3C4 /* YQNetworkTools.m */ = {isa = PBXFileReference; fileEncoding = 4; lastKnownFileType = sourcecode.c.objc; path = YQNetworkTools.m; sourceTree = "<group>"; };
		44789470216C7C1A002CB3C4 /* YQNetworkTools.h */ = {isa = PBXFileReference; fileEncoding = 4; lastKnownFileType = sourcecode.c.h; path = YQNetworkTools.h; sourceTree = "<group>"; };
		44789472216C8122002CB3C4 /* HttpTool.h */ = {isa = PBXFileReference; lastKnownFileType = sourcecode.c.h; path = HttpTool.h; sourceTree = "<group>"; };
		44789473216C8122002CB3C4 /* HttpTool.m */ = {isa = PBXFileReference; lastKnownFileType = sourcecode.c.objc; path = HttpTool.m; sourceTree = "<group>"; };
		44789476216C8356002CB3C4 /* Header.h */ = {isa = PBXFileReference; lastKnownFileType = sourcecode.c.h; path = Header.h; sourceTree = "<group>"; };
		44789477216C846A002CB3C4 /* CategoryInfoModel.h */ = {isa = PBXFileReference; lastKnownFileType = sourcecode.c.h; path = CategoryInfoModel.h; sourceTree = "<group>"; };
		44789478216C846A002CB3C4 /* CategoryInfoModel.m */ = {isa = PBXFileReference; lastKnownFileType = sourcecode.c.objc; path = CategoryInfoModel.m; sourceTree = "<group>"; };
		4478947D216C8A6E002CB3C4 /* MenuKindsModel.h */ = {isa = PBXFileReference; lastKnownFileType = sourcecode.c.h; path = MenuKindsModel.h; sourceTree = "<group>"; };
		4478947E216C8A6E002CB3C4 /* MenuKindsModel.m */ = {isa = PBXFileReference; lastKnownFileType = sourcecode.c.objc; path = MenuKindsModel.m; sourceTree = "<group>"; };
		44789481216C8D18002CB3C4 /* MenuKindsCollectionViewCell.h */ = {isa = PBXFileReference; lastKnownFileType = sourcecode.c.h; path = MenuKindsCollectionViewCell.h; sourceTree = "<group>"; };
		44789482216C8D18002CB3C4 /* MenuKindsCollectionViewCell.m */ = {isa = PBXFileReference; lastKnownFileType = sourcecode.c.objc; path = MenuKindsCollectionViewCell.m; sourceTree = "<group>"; };
		44789484216C975A002CB3C4 /* kindsDetailViewController.h */ = {isa = PBXFileReference; lastKnownFileType = sourcecode.c.h; path = kindsDetailViewController.h; sourceTree = "<group>"; };
		44789485216C975A002CB3C4 /* kindsDetailViewController.m */ = {isa = PBXFileReference; lastKnownFileType = sourcecode.c.objc; path = kindsDetailViewController.m; sourceTree = "<group>"; };
		44789487216C999A002CB3C4 /* KindDetailImageTableViewCell.h */ = {isa = PBXFileReference; lastKnownFileType = sourcecode.c.h; path = KindDetailImageTableViewCell.h; sourceTree = "<group>"; };
		44789488216C999A002CB3C4 /* KindDetailImageTableViewCell.m */ = {isa = PBXFileReference; lastKnownFileType = sourcecode.c.objc; path = KindDetailImageTableViewCell.m; sourceTree = "<group>"; };
		4478948A216C9B23002CB3C4 /* KindDetailTextTableViewCell.h */ = {isa = PBXFileReference; lastKnownFileType = sourcecode.c.h; path = KindDetailTextTableViewCell.h; sourceTree = "<group>"; };
		4478948B216C9B23002CB3C4 /* KindDetailTextTableViewCell.m */ = {isa = PBXFileReference; lastKnownFileType = sourcecode.c.objc; path = KindDetailTextTableViewCell.m; sourceTree = "<group>"; };
		4478948D216C9CFE002CB3C4 /* CZHTool.h */ = {isa = PBXFileReference; lastKnownFileType = sourcecode.c.h; path = CZHTool.h; sourceTree = "<group>"; };
		4478948E216C9CFE002CB3C4 /* CZHTool.m */ = {isa = PBXFileReference; lastKnownFileType = sourcecode.c.objc; path = CZHTool.m; sourceTree = "<group>"; };
		44789490216C9E20002CB3C4 /* KindDetailTextImageTableViewCell.h */ = {isa = PBXFileReference; lastKnownFileType = sourcecode.c.h; path = KindDetailTextImageTableViewCell.h; sourceTree = "<group>"; };
		44789491216C9E20002CB3C4 /* KindDetailTextImageTableViewCell.m */ = {isa = PBXFileReference; lastKnownFileType = sourcecode.c.objc; path = KindDetailTextImageTableViewCell.m; sourceTree = "<group>"; };
		44789493216D9895002CB3C4 /* ShiPuViewController.h */ = {isa = PBXFileReference; lastKnownFileType = sourcecode.c.h; path = ShiPuViewController.h; sourceTree = "<group>"; };
		44789494216D9895002CB3C4 /* ShiPuViewController.m */ = {isa = PBXFileReference; lastKnownFileType = sourcecode.c.objc; path = ShiPuViewController.m; sourceTree = "<group>"; };
		44789496216D999B002CB3C4 /* ShiPuTableViewCell.h */ = {isa = PBXFileReference; lastKnownFileType = sourcecode.c.h; path = ShiPuTableViewCell.h; sourceTree = "<group>"; };
		44789497216D999B002CB3C4 /* ShiPuTableViewCell.m */ = {isa = PBXFileReference; lastKnownFileType = sourcecode.c.objc; path = ShiPuTableViewCell.m; sourceTree = "<group>"; };
		44789499216D9ABF002CB3C4 /* ShiPuModel.h */ = {isa = PBXFileReference; lastKnownFileType = sourcecode.c.h; path = ShiPuModel.h; sourceTree = "<group>"; };
		4478949A216D9ABF002CB3C4 /* ShiPuModel.m */ = {isa = PBXFileReference; lastKnownFileType = sourcecode.c.objc; path = ShiPuModel.m; sourceTree = "<group>"; };
		4478949F216DA31A002CB3C4 /* ShiPuDetailViewController.h */ = {isa = PBXFileReference; lastKnownFileType = sourcecode.c.h; path = ShiPuDetailViewController.h; sourceTree = "<group>"; };
		447894A0216DA31A002CB3C4 /* ShiPuDetailViewController.m */ = {isa = PBXFileReference; lastKnownFileType = sourcecode.c.objc; path = ShiPuDetailViewController.m; sourceTree = "<group>"; };
		447894A2216DAEA9002CB3C4 /* zanwu.png */ = {isa = PBXFileReference; lastKnownFileType = image.png; path = zanwu.png; sourceTree = "<group>"; };
		7F57FCECE60ADDB5AC2691FF /* Pods-menu.release.xcconfig */ = {isa = PBXFileReference; includeInIndex = 1; lastKnownFileType = text.xcconfig; name = "Pods-menu.release.xcconfig"; path = "Pods/Target Support Files/Pods-menu/Pods-menu.release.xcconfig"; sourceTree = "<group>"; };
		B07F91F872454696B38AC5C6 /* Pods-menu.debug.xcconfig */ = {isa = PBXFileReference; includeInIndex = 1; lastKnownFileType = text.xcconfig; name = "Pods-menu.debug.xcconfig"; path = "Pods/Target Support Files/Pods-menu/Pods-menu.debug.xcconfig"; sourceTree = "<group>"; };
		E19D83DB8A0A469EC88465E8 /* libPods-menu.a */ = {isa = PBXFileReference; explicitFileType = archive.ar; includeInIndex = 0; path = "libPods-menu.a"; sourceTree = BUILT_PRODUCTS_DIR; };
/* End PBXFileReference section */

/* Begin PBXFrameworksBuildPhase section */
		44789427216C5CCC002CB3C4 /* Frameworks */ = {
			isa = PBXFrameworksBuildPhase;
			buildActionMask = 2147483647;
			files = (
				EB301CD83F01FBC86F85EBED /* libPods-menu.a in Frameworks */,
			);
			runOnlyForDeploymentPostprocessing = 0;
		};
		4478943F216C5CD9002CB3C4 /* Frameworks */ = {
			isa = PBXFrameworksBuildPhase;
			buildActionMask = 2147483647;
			files = (
			);
			runOnlyForDeploymentPostprocessing = 0;
		};
		4478944A216C5CD9002CB3C4 /* Frameworks */ = {
			isa = PBXFrameworksBuildPhase;
			buildActionMask = 2147483647;
			files = (
			);
			runOnlyForDeploymentPostprocessing = 0;
		};
/* End PBXFrameworksBuildPhase section */

/* Begin PBXGroup section */
		1AE597E9DEB02ABAAC4F5882 /* Frameworks */ = {
			isa = PBXGroup;
			children = (
				E19D83DB8A0A469EC88465E8 /* libPods-menu.a */,
			);
			name = Frameworks;
			sourceTree = "<group>";
		};
		44789421216C5CCC002CB3C4 = {
			isa = PBXGroup;
			children = (
				4478942C216C5CCC002CB3C4 /* menu */,
				44789445216C5CD9002CB3C4 /* menuTests */,
				44789450216C5CD9002CB3C4 /* menuUITests */,
				4478942B216C5CCC002CB3C4 /* Products */,
				5AF7F6AB18B43171A3FCE80E /* Pods */,
				1AE597E9DEB02ABAAC4F5882 /* Frameworks */,
			);
			sourceTree = "<group>";
		};
		4478942B216C5CCC002CB3C4 /* Products */ = {
			isa = PBXGroup;
			children = (
				4478942A216C5CCC002CB3C4 /* menu.app */,
				44789442216C5CD9002CB3C4 /* menuTests.xctest */,
				4478944D216C5CD9002CB3C4 /* menuUITests.xctest */,
			);
			name = Products;
			sourceTree = "<group>";
		};
		4478942C216C5CCC002CB3C4 /* menu */ = {
			isa = PBXGroup;
			children = (
				447894A2216DAEA9002CB3C4 /* zanwu.png */,
				44789480216C8D00002CB3C4 /* view */,
				4478947C216C8A2E002CB3C4 /* Model */,
				4478947A216C8A20002CB3C4 /* Controller */,
				4478945F216C5FCA002CB3C4 /* tool */,
				4478942D216C5CCC002CB3C4 /* AppDelegate.h */,
				4478942E216C5CCC002CB3C4 /* AppDelegate.m */,
				44789430216C5CCC002CB3C4 /* ViewController.h */,
				44789431216C5CCC002CB3C4 /* ViewController.m */,
				44789433216C5CCC002CB3C4 /* Main.storyboard */,
				44789436216C5CD8002CB3C4 /* Assets.xcassets */,
				44789438216C5CD8002CB3C4 /* LaunchScreen.storyboard */,
				4478943B216C5CD8002CB3C4 /* Info.plist */,
				4478943C216C5CD8002CB3C4 /* main.m */,
				44789472216C8122002CB3C4 /* HttpTool.h */,
				44789473216C8122002CB3C4 /* HttpTool.m */,
				44789476216C8356002CB3C4 /* Header.h */,
			);
			path = menu;
			sourceTree = "<group>";
		};
		44789445216C5CD9002CB3C4 /* menuTests */ = {
			isa = PBXGroup;
			children = (
				44789446216C5CD9002CB3C4 /* menuTests.m */,
				44789448216C5CD9002CB3C4 /* Info.plist */,
			);
			path = menuTests;
			sourceTree = "<group>";
		};
		44789450216C5CD9002CB3C4 /* menuUITests */ = {
			isa = PBXGroup;
			children = (
				44789451216C5CD9002CB3C4 /* menuUITests.m */,
				44789453216C5CD9002CB3C4 /* Info.plist */,
			);
			path = menuUITests;
			sourceTree = "<group>";
		};
		4478945F216C5FCA002CB3C4 /* tool */ = {
			isa = PBXGroup;
			children = (
				44789470216C7C1A002CB3C4 /* YQNetworkTools.h */,
				4478946F216C7C1A002CB3C4 /* YQNetworkTools.m */,
				4478948D216C9CFE002CB3C4 /* CZHTool.h */,
				4478948E216C9CFE002CB3C4 /* CZHTool.m */,
			);
			path = tool;
			sourceTree = "<group>";
		};
		4478947A216C8A20002CB3C4 /* Controller */ = {
			isa = PBXGroup;
			children = (
				44789484216C975A002CB3C4 /* kindsDetailViewController.h */,
				44789485216C975A002CB3C4 /* kindsDetailViewController.m */,
				44789493216D9895002CB3C4 /* ShiPuViewController.h */,
				44789494216D9895002CB3C4 /* ShiPuViewController.m */,
				4478949F216DA31A002CB3C4 /* ShiPuDetailViewController.h */,
				447894A0216DA31A002CB3C4 /* ShiPuDetailViewController.m */,
			);
			name = Controller;
			sourceTree = "<group>";
		};
		4478947C216C8A2E002CB3C4 /* Model */ = {
			isa = PBXGroup;
			children = (
				44789477216C846A002CB3C4 /* CategoryInfoModel.h */,
				44789478216C846A002CB3C4 /* CategoryInfoModel.m */,
				4478947D216C8A6E002CB3C4 /* MenuKindsModel.h */,
				4478947E216C8A6E002CB3C4 /* MenuKindsModel.m */,
				44789499216D9ABF002CB3C4 /* ShiPuModel.h */,
				4478949A216D9ABF002CB3C4 /* ShiPuModel.m */,
			);
			path = Model;
			sourceTree = "<group>";
		};
		44789480216C8D00002CB3C4 /* view */ = {
			isa = PBXGroup;
			children = (
				44789481216C8D18002CB3C4 /* MenuKindsCollectionViewCell.h */,
				44789482216C8D18002CB3C4 /* MenuKindsCollectionViewCell.m */,
				44789487216C999A002CB3C4 /* KindDetailImageTableViewCell.h */,
				44789488216C999A002CB3C4 /* KindDetailImageTableViewCell.m */,
				4478948A216C9B23002CB3C4 /* KindDetailTextTableViewCell.h */,
				4478948B216C9B23002CB3C4 /* KindDetailTextTableViewCell.m */,
				44789490216C9E20002CB3C4 /* KindDetailTextImageTableViewCell.h */,
				44789491216C9E20002CB3C4 /* KindDetailTextImageTableViewCell.m */,
				44789496216D999B002CB3C4 /* ShiPuTableViewCell.h */,
				44789497216D999B002CB3C4 /* ShiPuTableViewCell.m */,
			);
			path = view;
			sourceTree = "<group>";
		};
		5AF7F6AB18B43171A3FCE80E /* Pods */ = {
			isa = PBXGroup;
			children = (
				B07F91F872454696B38AC5C6 /* Pods-menu.debug.xcconfig */,
				7F57FCECE60ADDB5AC2691FF /* Pods-menu.release.xcconfig */,
			);
			name = Pods;
			sourceTree = "<group>";
		};
/* End PBXGroup section */

/* Begin PBXNativeTarget section */
		44789429216C5CCC002CB3C4 /* menu */ = {
			isa = PBXNativeTarget;
			buildConfigurationList = 44789456216C5CD9002CB3C4 /* Build configuration list for PBXNativeTarget "menu" */;
			buildPhases = (
				7645DFCFEEEF4894CD5B1DC0 /* [CP] Check Pods Manifest.lock */,
				44789426216C5CCC002CB3C4 /* Sources */,
				44789427216C5CCC002CB3C4 /* Frameworks */,
				44789428216C5CCC002CB3C4 /* Resources */,
				CF36A465606B28D07967F3A8 /* [CP] Copy Pods Resources */,
			);
			buildRules = (
			);
			dependencies = (
			);
			name = menu;
			productName = menu;
			productReference = 4478942A216C5CCC002CB3C4 /* menu.app */;
			productType = "com.apple.product-type.application";
		};
		44789441216C5CD9002CB3C4 /* menuTests */ = {
			isa = PBXNativeTarget;
			buildConfigurationList = 44789459216C5CD9002CB3C4 /* Build configuration list for PBXNativeTarget "menuTests" */;
			buildPhases = (
				4478943E216C5CD9002CB3C4 /* Sources */,
				4478943F216C5CD9002CB3C4 /* Frameworks */,
				44789440216C5CD9002CB3C4 /* Resources */,
			);
			buildRules = (
			);
			dependencies = (
				44789444216C5CD9002CB3C4 /* PBXTargetDependency */,
			);
			name = menuTests;
			productName = menuTests;
			productReference = 44789442216C5CD9002CB3C4 /* menuTests.xctest */;
			productType = "com.apple.product-type.bundle.unit-test";
		};
		4478944C216C5CD9002CB3C4 /* menuUITests */ = {
			isa = PBXNativeTarget;
			buildConfigurationList = 4478945C216C5CD9002CB3C4 /* Build configuration list for PBXNativeTarget "menuUITests" */;
			buildPhases = (
				44789449216C5CD9002CB3C4 /* Sources */,
				4478944A216C5CD9002CB3C4 /* Frameworks */,
				4478944B216C5CD9002CB3C4 /* Resources */,
			);
			buildRules = (
			);
			dependencies = (
				4478944F216C5CD9002CB3C4 /* PBXTargetDependency */,
			);
			name = menuUITests;
			productName = menuUITests;
			productReference = 4478944D216C5CD9002CB3C4 /* menuUITests.xctest */;
			productType = "com.apple.product-type.bundle.ui-testing";
		};
/* End PBXNativeTarget section */

/* Begin PBXProject section */
		44789422216C5CCC002CB3C4 /* Project object */ = {
			isa = PBXProject;
			attributes = {
				LastUpgradeCheck = 1000;
				ORGANIZATIONNAME = "熠耀星空";
				TargetAttributes = {
					44789429216C5CCC002CB3C4 = {
						CreatedOnToolsVersion = 10.0;
					};
					44789441216C5CD9002CB3C4 = {
						CreatedOnToolsVersion = 10.0;
						TestTargetID = 44789429216C5CCC002CB3C4;
					};
					4478944C216C5CD9002CB3C4 = {
						CreatedOnToolsVersion = 10.0;
						TestTargetID = 44789429216C5CCC002CB3C4;
					};
				};
			};
			buildConfigurationList = 44789425216C5CCC002CB3C4 /* Build configuration list for PBXProject "menu" */;
			compatibilityVersion = "Xcode 9.3";
			developmentRegion = en;
			hasScannedForEncodings = 0;
			knownRegions = (
				en,
				Base,
			);
			mainGroup = 44789421216C5CCC002CB3C4;
			productRefGroup = 4478942B216C5CCC002CB3C4 /* Products */;
			projectDirPath = "";
			projectRoot = "";
			targets = (
				44789429216C5CCC002CB3C4 /* menu */,
				44789441216C5CD9002CB3C4 /* menuTests */,
				4478944C216C5CD9002CB3C4 /* menuUITests */,
			);
		};
/* End PBXProject section */

/* Begin PBXResourcesBuildPhase section */
		44789428216C5CCC002CB3C4 /* Resources */ = {
			isa = PBXResourcesBuildPhase;
			buildActionMask = 2147483647;
			files = (
				4478943A216C5CD8002CB3C4 /* LaunchScreen.storyboard in Resources */,
				447894A3216DAEA9002CB3C4 /* zanwu.png in Resources */,
				44789437216C5CD8002CB3C4 /* Assets.xcassets in Resources */,
				44789435216C5CCC002CB3C4 /* Main.storyboard in Resources */,
			);
			runOnlyForDeploymentPostprocessing = 0;
		};
		44789440216C5CD9002CB3C4 /* Resources */ = {
			isa = PBXResourcesBuildPhase;
			buildActionMask = 2147483647;
			files = (
			);
			runOnlyForDeploymentPostprocessing = 0;
		};
		4478944B216C5CD9002CB3C4 /* Resources */ = {
			isa = PBXResourcesBuildPhase;
			buildActionMask = 2147483647;
			files = (
			);
			runOnlyForDeploymentPostprocessing = 0;
		};
/* End PBXResourcesBuildPhase section */

/* Begin PBXShellScriptBuildPhase section */
		7645DFCFEEEF4894CD5B1DC0 /* [CP] Check Pods Manifest.lock */ = {
			isa = PBXShellScriptBuildPhase;
			buildActionMask = 2147483647;
			files = (
			);
			inputFileListPaths = (
			);
			inputPaths = (
				"${PODS_PODFILE_DIR_PATH}/Podfile.lock",
				"${PODS_ROOT}/Manifest.lock",
			);
			name = "[CP] Check Pods Manifest.lock";
			outputFileListPaths = (
			);
			outputPaths = (
				"$(DERIVED_FILE_DIR)/Pods-menu-checkManifestLockResult.txt",
			);
			runOnlyForDeploymentPostprocessing = 0;
			shellPath = /bin/sh;
			shellScript = "diff \"${PODS_PODFILE_DIR_PATH}/Podfile.lock\" \"${PODS_ROOT}/Manifest.lock\" > /dev/null\nif [ $? != 0 ] ; then\n    # print error to STDERR\n    echo \"error: The sandbox is not in sync with the Podfile.lock. Run 'pod install' or update your CocoaPods installation.\" >&2\n    exit 1\nfi\n# This output is used by Xcode 'outputs' to avoid re-running this script phase.\necho \"SUCCESS\" > \"${SCRIPT_OUTPUT_FILE_0}\"\n";
			showEnvVarsInLog = 0;
		};
		CF36A465606B28D07967F3A8 /* [CP] Copy Pods Resources */ = {
			isa = PBXShellScriptBuildPhase;
			buildActionMask = 2147483647;
			files = (
			);
			inputFileListPaths = (
			);
			inputPaths = (
				"${SRCROOT}/Pods/Target Support Files/Pods-menu/Pods-menu-resources.sh",
				"${PODS_ROOT}/MJRefresh/MJRefresh/MJRefresh.bundle",
				"${PODS_ROOT}/SVProgressHUD/SVProgressHUD/SVProgressHUD.bundle",
			);
			name = "[CP] Copy Pods Resources";
			outputFileListPaths = (
			);
			outputPaths = (
				"${TARGET_BUILD_DIR}/${UNLOCALIZED_RESOURCES_FOLDER_PATH}/MJRefresh.bundle",
				"${TARGET_BUILD_DIR}/${UNLOCALIZED_RESOURCES_FOLDER_PATH}/SVProgressHUD.bundle",
			);
			runOnlyForDeploymentPostprocessing = 0;
			shellPath = /bin/sh;
			shellScript = "\"${SRCROOT}/Pods/Target Support Files/Pods-menu/Pods-menu-resources.sh\"\n";
			showEnvVarsInLog = 0;
		};
/* End PBXShellScriptBuildPhase section */

/* Begin PBXSourcesBuildPhase section */
		44789426216C5CCC002CB3C4 /* Sources */ = {
			isa = PBXSourcesBuildPhase;
			buildActionMask = 2147483647;
			files = (
				44789471216C7C1A002CB3C4 /* YQNetworkTools.m in Sources */,
				4478949B216D9ABF002CB3C4 /* ShiPuModel.m in Sources */,
				44789479216C846A002CB3C4 /* CategoryInfoModel.m in Sources */,
				44789489216C999A002CB3C4 /* KindDetailImageTableViewCell.m in Sources */,
				44789432216C5CCC002CB3C4 /* ViewController.m in Sources */,
				44789495216D9895002CB3C4 /* ShiPuViewController.m in Sources */,
				4478948C216C9B23002CB3C4 /* KindDetailTextTableViewCell.m in Sources */,
				4478943D216C5CD8002CB3C4 /* main.m in Sources */,
				44789492216C9E20002CB3C4 /* KindDetailTextImageTableViewCell.m in Sources */,
				44789486216C975A002CB3C4 /* kindsDetailViewController.m in Sources */,
				4478942F216C5CCC002CB3C4 /* AppDelegate.m in Sources */,
				44789483216C8D18002CB3C4 /* MenuKindsCollectionViewCell.m in Sources */,
				44789474216C8122002CB3C4 /* HttpTool.m in Sources */,
				447894A1216DA31A002CB3C4 /* ShiPuDetailViewController.m in Sources */,
				4478947F216C8A6E002CB3C4 /* MenuKindsModel.m in Sources */,
				44789498216D999B002CB3C4 /* ShiPuTableViewCell.m in Sources */,
				4478948F216C9CFE002CB3C4 /* CZHTool.m in Sources */,
			);
			runOnlyForDeploymentPostprocessing = 0;
		};
		4478943E216C5CD9002CB3C4 /* Sources */ = {
			isa = PBXSourcesBuildPhase;
			buildActionMask = 2147483647;
			files = (
				44789447216C5CD9002CB3C4 /* menuTests.m in Sources */,
			);
			runOnlyForDeploymentPostprocessing = 0;
		};
		44789449216C5CD9002CB3C4 /* Sources */ = {
			isa = PBXSourcesBuildPhase;
			buildActionMask = 2147483647;
			files = (
				44789452216C5CD9002CB3C4 /* menuUITests.m in Sources */,
			);
			runOnlyForDeploymentPostprocessing = 0;
		};
/* End PBXSourcesBuildPhase section */

/* Begin PBXTargetDependency section */
		44789444216C5CD9002CB3C4 /* PBXTargetDependency */ = {
			isa = PBXTargetDependency;
			target = 44789429216C5CCC002CB3C4 /* menu */;
			targetProxy = 44789443216C5CD9002CB3C4 /* PBXContainerItemProxy */;
		};
		4478944F216C5CD9002CB3C4 /* PBXTargetDependency */ = {
			isa = PBXTargetDependency;
			target = 44789429216C5CCC002CB3C4 /* menu */;
			targetProxy = 4478944E216C5CD9002CB3C4 /* PBXContainerItemProxy */;
		};
/* End PBXTargetDependency section */

/* Begin PBXVariantGroup section */
		44789433216C5CCC002CB3C4 /* Main.storyboard */ = {
			isa = PBXVariantGroup;
			children = (
				44789434216C5CCC002CB3C4 /* Base */,
			);
			name = Main.storyboard;
			sourceTree = "<group>";
		};
		44789438216C5CD8002CB3C4 /* LaunchScreen.storyboard */ = {
			isa = PBXVariantGroup;
			children = (
				44789439216C5CD8002CB3C4 /* Base */,
			);
			name = LaunchScreen.storyboard;
			sourceTree = "<group>";
		};
/* End PBXVariantGroup section */

/* Begin XCBuildConfiguration section */
		44789454216C5CD9002CB3C4 /* Debug */ = {
			isa = XCBuildConfiguration;
			buildSettings = {
				ALWAYS_SEARCH_USER_PATHS = NO;
				CLANG_ANALYZER_NONNULL = YES;
				CLANG_ANALYZER_NUMBER_OBJECT_CONVERSION = YES_AGGRESSIVE;
				CLANG_CXX_LANGUAGE_STANDARD = "gnu++14";
				CLANG_CXX_LIBRARY = "libc++";
				CLANG_ENABLE_MODULES = YES;
				CLANG_ENABLE_OBJC_ARC = YES;
				CLANG_ENABLE_OBJC_WEAK = YES;
				CLANG_WARN_BLOCK_CAPTURE_AUTORELEASING = YES;
				CLANG_WARN_BOOL_CONVERSION = YES;
				CLANG_WARN_COMMA = YES;
				CLANG_WARN_CONSTANT_CONVERSION = YES;
				CLANG_WARN_DEPRECATED_OBJC_IMPLEMENTATIONS = YES;
				CLANG_WARN_DIRECT_OBJC_ISA_USAGE = YES_ERROR;
				CLANG_WARN_DOCUMENTATION_COMMENTS = YES;
				CLANG_WARN_EMPTY_BODY = YES;
				CLANG_WARN_ENUM_CONVERSION = YES;
				CLANG_WARN_INFINITE_RECURSION = YES;
				CLANG_WARN_INT_CONVERSION = YES;
				CLANG_WARN_NON_LITERAL_NULL_CONVERSION = YES;
				CLANG_WARN_OBJC_IMPLICIT_RETAIN_SELF = YES;
				CLANG_WARN_OBJC_LITERAL_CONVERSION = YES;
				CLANG_WARN_OBJC_ROOT_CLASS = YES_ERROR;
				CLANG_WARN_RANGE_LOOP_ANALYSIS = YES;
				CLANG_WARN_STRICT_PROTOTYPES = YES;
				CLANG_WARN_SUSPICIOUS_MOVE = YES;
				CLANG_WARN_UNGUARDED_AVAILABILITY = YES_AGGRESSIVE;
				CLANG_WARN_UNREACHABLE_CODE = YES;
				CLANG_WARN__DUPLICATE_METHOD_MATCH = YES;
				CODE_SIGN_IDENTITY = "iPhone Developer";
				COPY_PHASE_STRIP = NO;
				DEBUG_INFORMATION_FORMAT = dwarf;
				ENABLE_STRICT_OBJC_MSGSEND = YES;
				ENABLE_TESTABILITY = YES;
				GCC_C_LANGUAGE_STANDARD = gnu11;
				GCC_DYNAMIC_NO_PIC = NO;
				GCC_NO_COMMON_BLOCKS = YES;
				GCC_OPTIMIZATION_LEVEL = 0;
				GCC_PREPROCESSOR_DEFINITIONS = (
					"DEBUG=1",
					"$(inherited)",
				);
				GCC_WARN_64_TO_32_BIT_CONVERSION = YES;
				GCC_WARN_ABOUT_RETURN_TYPE = YES_ERROR;
				GCC_WARN_UNDECLARED_SELECTOR = YES;
				GCC_WARN_UNINITIALIZED_AUTOS = YES_AGGRESSIVE;
				GCC_WARN_UNUSED_FUNCTION = YES;
				GCC_WARN_UNUSED_VARIABLE = YES;
				IPHONEOS_DEPLOYMENT_TARGET = 12.0;
				MTL_ENABLE_DEBUG_INFO = INCLUDE_SOURCE;
				MTL_FAST_MATH = YES;
				ONLY_ACTIVE_ARCH = YES;
				SDKROOT = iphoneos;
			};
			name = Debug;
		};
		44789455216C5CD9002CB3C4 /* Release */ = {
			isa = XCBuildConfiguration;
			buildSettings = {
				ALWAYS_SEARCH_USER_PATHS = NO;
				CLANG_ANALYZER_NONNULL = YES;
				CLANG_ANALYZER_NUMBER_OBJECT_CONVERSION = YES_AGGRESSIVE;
				CLANG_CXX_LANGUAGE_STANDARD = "gnu++14";
				CLANG_CXX_LIBRARY = "libc++";
				CLANG_ENABLE_MODULES = YES;
				CLANG_ENABLE_OBJC_ARC = YES;
				CLANG_ENABLE_OBJC_WEAK = YES;
				CLANG_WARN_BLOCK_CAPTURE_AUTORELEASING = YES;
				CLANG_WARN_BOOL_CONVERSION = YES;
				CLANG_WARN_COMMA = YES;
				CLANG_WARN_CONSTANT_CONVERSION = YES;
				CLANG_WARN_DEPRECATED_OBJC_IMPLEMENTATIONS = YES;
				CLANG_WARN_DIRECT_OBJC_ISA_USAGE = YES_ERROR;
				CLANG_WARN_DOCUMENTATION_COMMENTS = YES;
				CLANG_WARN_EMPTY_BODY = YES;
				CLANG_WARN_ENUM_CONVERSION = YES;
				CLANG_WARN_INFINITE_RECURSION = YES;
				CLANG_WARN_INT_CONVERSION = YES;
				CLANG_WARN_NON_LITERAL_NULL_CONVERSION = YES;
				CLANG_WARN_OBJC_IMPLICIT_RETAIN_SELF = YES;
				CLANG_WARN_OBJC_LITERAL_CONVERSION = YES;
				CLANG_WARN_OBJC_ROOT_CLASS = YES_ERROR;
				CLANG_WARN_RANGE_LOOP_ANALYSIS = YES;
				CLANG_WARN_STRICT_PROTOTYPES = YES;
				CLANG_WARN_SUSPICIOUS_MOVE = YES;
				CLANG_WARN_UNGUARDED_AVAILABILITY = YES_AGGRESSIVE;
				CLANG_WARN_UNREACHABLE_CODE = YES;
				CLANG_WARN__DUPLICATE_METHOD_MATCH = YES;
				CODE_SIGN_IDENTITY = "iPhone Developer";
				COPY_PHASE_STRIP = NO;
				DEBUG_INFORMATION_FORMAT = "dwarf-with-dsym";
				ENABLE_NS_ASSERTIONS = NO;
				ENABLE_STRICT_OBJC_MSGSEND = YES;
				GCC_C_LANGUAGE_STANDARD = gnu11;
				GCC_NO_COMMON_BLOCKS = YES;
				GCC_WARN_64_TO_32_BIT_CONVERSION = YES;
				GCC_WARN_ABOUT_RETURN_TYPE = YES_ERROR;
				GCC_WARN_UNDECLARED_SELECTOR = YES;
				GCC_WARN_UNINITIALIZED_AUTOS = YES_AGGRESSIVE;
				GCC_WARN_UNUSED_FUNCTION = YES;
				GCC_WARN_UNUSED_VARIABLE = YES;
				IPHONEOS_DEPLOYMENT_TARGET = 12.0;
				MTL_ENABLE_DEBUG_INFO = NO;
				MTL_FAST_MATH = YES;
				SDKROOT = iphoneos;
				VALIDATE_PRODUCT = YES;
			};
			name = Release;
		};
		44789457216C5CD9002CB3C4 /* Debug */ = {
			isa = XCBuildConfiguration;
			baseConfigurationReference = B07F91F872454696B38AC5C6 /* Pods-menu.debug.xcconfig */;
			buildSettings = {
				ASSETCATALOG_COMPILER_APPICON_NAME = AppIcon;
				CODE_SIGN_STYLE = Automatic;
				DEVELOPMENT_TEAM = 222Q4QC8FN;
				INFOPLIST_FILE = menu/Info.plist;
				IPHONEOS_DEPLOYMENT_TARGET = 9.0;
				LD_RUNPATH_SEARCH_PATHS = (
					"$(inherited)",
					"@executable_path/Frameworks",
				);
				OTHER_LDFLAGS = (
					"$(inherited)",
					"-ObjC",
					"-l\"AFNetworking\"",
					"-l\"SDWebImage\"",
					"-framework",
					"\"CoreGraphics\"",
					"-framework",
					"\"ImageIO\"",
					"-framework",
					"\"MobileCoreServices\"",
					"-framework",
					"\"Security\"",
					"-framework",
					"\"SystemConfiguration\"",
					"-all_load",
				);
				PRODUCT_BUNDLE_IDENTIFIER = CZH.menu;
				PRODUCT_NAME = "$(TARGET_NAME)";
				TARGETED_DEVICE_FAMILY = 1;
			};
			name = Debug;
		};
		44789458216C5CD9002CB3C4 /* Release */ = {
			isa = XCBuildConfiguration;
			baseConfigurationReference = 7F57FCECE60ADDB5AC2691FF /* Pods-menu.release.xcconfig */;
			buildSettings = {
				ASSETCATALOG_COMPILER_APPICON_NAME = AppIcon;
				CODE_SIGN_STYLE = Automatic;
				DEVELOPMENT_TEAM = 222Q4QC8FN;
				INFOPLIST_FILE = menu/Info.plist;
				IPHONEOS_DEPLOYMENT_TARGET = 9.0;
				LD_RUNPATH_SEARCH_PATHS = (
					"$(inherited)",
					"@executable_path/Frameworks",
				);
				OTHER_LDFLAGS = (
					"$(inherited)",
					"-ObjC",
					"-l\"AFNetworking\"",
					"-l\"SDWebImage\"",
					"-framework",
					"\"CoreGraphics\"",
					"-framework",
					"\"ImageIO\"",
					"-framework",
					"\"MobileCoreServices\"",
					"-framework",
					"\"Security\"",
					"-framework",
					"\"SystemConfiguration\"",
					"-all_load",
				);
				PRODUCT_BUNDLE_IDENTIFIER = CZH.menu;
				PRODUCT_NAME = "$(TARGET_NAME)";
				TARGETED_DEVICE_FAMILY = 1;
			};
			name = Release;
		};
		4478945A216C5CD9002CB3C4 /* Debug */ = {
			isa = XCBuildConfiguration;
			buildSettings = {
				BUNDLE_LOADER = "$(TEST_HOST)";
				CODE_SIGN_STYLE = Automatic;
				INFOPLIST_FILE = menuTests/Info.plist;
				LD_RUNPATH_SEARCH_PATHS = (
					"$(inherited)",
					"@executable_path/Frameworks",
					"@loader_path/Frameworks",
				);
				PRODUCT_BUNDLE_IDENTIFIER = CZH.menuTests;
				PRODUCT_NAME = "$(TARGET_NAME)";
				TARGETED_DEVICE_FAMILY = "1,2";
				TEST_HOST = "$(BUILT_PRODUCTS_DIR)/menu.app/menu";
			};
			name = Debug;
		};
		4478945B216C5CD9002CB3C4 /* Release */ = {
			isa = XCBuildConfiguration;
			buildSettings = {
				BUNDLE_LOADER = "$(TEST_HOST)";
				CODE_SIGN_STYLE = Automatic;
				INFOPLIST_FILE = menuTests/Info.plist;
				LD_RUNPATH_SEARCH_PATHS = (
					"$(inherited)",
					"@executable_path/Frameworks",
					"@loader_path/Frameworks",
				);
				PRODUCT_BUNDLE_IDENTIFIER = CZH.menuTests;
				PRODUCT_NAME = "$(TARGET_NAME)";
				TARGETED_DEVICE_FAMILY = "1,2";
				TEST_HOST = "$(BUILT_PRODUCTS_DIR)/menu.app/menu";
			};
			name = Release;
		};
		4478945D216C5CD9002CB3C4 /* Debug */ = {
			isa = XCBuildConfiguration;
			buildSettings = {
				CODE_SIGN_STYLE = Automatic;
				INFOPLIST_FILE = menuUITests/Info.plist;
				LD_RUNPATH_SEARCH_PATHS = (
					"$(inherited)",
					"@executable_path/Frameworks",
					"@loader_path/Frameworks",
				);
				PRODUCT_BUNDLE_IDENTIFIER = CZH.menuUITests;
				PRODUCT_NAME = "$(TARGET_NAME)";
				TARGETED_DEVICE_FAMILY = "1,2";
				TEST_TARGET_NAME = menu;
			};
			name = Debug;
		};
		4478945E216C5CD9002CB3C4 /* Release */ = {
			isa = XCBuildConfiguration;
			buildSettings = {
				CODE_SIGN_STYLE = Automatic;
				INFOPLIST_FILE = menuUITests/Info.plist;
				LD_RUNPATH_SEARCH_PATHS = (
					"$(inherited)",
					"@executable_path/Frameworks",
					"@loader_path/Frameworks",
				);
				PRODUCT_BUNDLE_IDENTIFIER = CZH.menuUITests;
				PRODUCT_NAME = "$(TARGET_NAME)";
				TARGETED_DEVICE_FAMILY = "1,2";
				TEST_TARGET_NAME = menu;
			};
			name = Release;
		};
/* End XCBuildConfiguration section */

/* Begin XCConfigurationList section */
		44789425216C5CCC002CB3C4 /* Build configuration list for PBXProject "menu" */ = {
			isa = XCConfigurationList;
			buildConfigurations = (
				44789454216C5CD9002CB3C4 /* Debug */,
				44789455216C5CD9002CB3C4 /* Release */,
			);
			defaultConfigurationIsVisible = 0;
			defaultConfigurationName = Release;
		};
		44789456216C5CD9002CB3C4 /* Build configuration list for PBXNativeTarget "menu" */ = {
			isa = XCConfigurationList;
			buildConfigurations = (
				44789457216C5CD9002CB3C4 /* Debug */,
				44789458216C5CD9002CB3C4 /* Release */,
			);
			defaultConfigurationIsVisible = 0;
			defaultConfigurationName = Release;
		};
		44789459216C5CD9002CB3C4 /* Build configuration list for PBXNativeTarget "menuTests" */ = {
			isa = XCConfigurationList;
			buildConfigurations = (
				4478945A216C5CD9002CB3C4 /* Debug */,
				4478945B216C5CD9002CB3C4 /* Release */,
			);
			defaultConfigurationIsVisible = 0;
			defaultConfigurationName = Release;
		};
		4478945C216C5CD9002CB3C4 /* Build configuration list for PBXNativeTarget "menuUITests" */ = {
			isa = XCConfigurationList;
			buildConfigurations = (
				4478945D216C5CD9002CB3C4 /* Debug */,
				4478945E216C5CD9002CB3C4 /* Release */,
			);
			defaultConfigurationIsVisible = 0;
			defaultConfigurationName = Release;
		};
/* End XCConfigurationList section */
	};
	rootObject = 44789422216C5CCC002CB3C4 /* Project object */;
}
